<Solution>
  <Folder Name="/src/" />
  <Folder Name="/src/Erp/" />
  <Folder Name="/src/Erp/Api/">
    <Project Path="src/Erp.Api/Erp.Api.csproj" />
  </Folder>
  <Folder Name="/src/Erp/Modules/">
    <Project Path="src/Modules/Erp.Core/Erp.Core.csproj" />
    <Project Path="src/Modules/Erp.SeriesRegistry/Erp.SeriesRegistry.csproj" />
    <Project Path="src/Modules/Erp.Sales/Erp.Sales.csproj" />
    <Project Path="src/Modules/Erp.Inventory/Erp.Inventory.csproj" />
    <Project Path="src/Modules/Erp.Purchasing/Erp.Purchasing.csproj" />
    <Project Path="src/Modules/Erp.Notification/Erp.Notification.csproj" />
    <Project Path="src/Notification/Erp.Notification.Worker/Erp.Notification.Worker.csproj" />
  </Folder>
  <Folder Name="/src/Erp/Shared/">
    <Project Path="src/Shared/Erp.Common/Erp.Common.csproj" />
    <Project Path="src/Shared/Erp.FiscalPT/Erp.FiscalPT.csproj" />
    <Project Path="src/Shared/Erp.Storage/Erp.Storage.csproj" />
  </Folder>
  <Folder Name="/src/Erp/UI/">
    <Project Path="src/UI/Erp.Main/Erp.Main.csproj" />
  </Folder>
  <Folder Name="/src/Identity/">
    <Project Path="src/Identity/Erp.Identity.Application/Erp.Identity.Application.csproj" />
    <Project Path="src/Identity/Erp.Identity.Common/Erp.Identity.Common.csproj" Id="0b6b086b-c9ff-4619-8810-7e4ff6d2e4c0" />
    <Project Path="src/Identity/Erp.Identity.Dependencies/Erp.Identity.Dependencies.csproj" />
    <Project Path="src/Identity/Erp.Identity.Domain/Erp.Identity.Domain.csproj" />
    <Project Path="src/Identity/Erp.Identity.Infrastructure/Erp.Identity.Infrastructure.csproj" />
    <Project Path="src/Identity/Erp.Identity.Storage/Erp.Identity.Storage.csproj" />
    <Project Path="src/Identity/Erp.Identity/Erp.Identity.csproj" />
  </Folder>
  <Folder Name="/tests/" />
  <Folder Name="/tests/Erp/">
    <Project Path="tests/Erp.Core.Tests/Erp.Core.Tests.csproj" />
    <Project Path="tests/Erp.FiscalPT.Tests/Erp.FiscalPT.Tests.csproj" />
    <Project Path="tests/Erp.Notification.Tests/Erp.Notification.Tests.csproj" />
    <Project Path="tests/Erp.Inventory.Tests/Erp.Inventory.Tests.csproj" />
    <Project Path="tests/Erp.Purchasing.Tests/Erp.Purchasing.Tests.csproj" />
    <Project Path="tests/Erp.SeriesRegistry.Tests/Erp.SeriesRegistry.Tests.csproj" />
    <Project Path="tests/Erp.Sales.Tests/Erp.Sales.Tests.csproj" />
    <Project Path="tests/Erp.IntegrationTests/Erp.IntegrationTests.csproj" />
  </Folder>
  <Folder Name="/tests/Identity/">
    <Project Path="tests/Erp.Identity.Tests/Erp.Identity.Tests.csproj" />
  </Folder>
</Solution>
